
Microsoft Visual Studio Solution File, Format Version 12.00
# Visual Studio 15
VisualStudioVersion = 15.0.27130.2036
MinimumVisualStudioVersion = 10.0.40219.1
Project("{FAE04EC0-301F-11D3-BF4B-00C04F79EFBC}") = "Client", "Client\Client.csproj", "{9A958763-77E8-4A27-97CE-AED1FBE622C3}"
EndProject
Project("{FAE04EC0-301F-11D3-BF4B-00C04F79EFBC}") = "Server", "Server\Server.csproj", "{933E8E01-1A2F-491F-BAE2-FF998A3A645E}"
EndProject
Global
	GlobalSection(SolutionConfigurationPlatforms) = preSolution
		Debug|Any CPU = Debug|Any CPU
		Release|Any CPU = Release|Any CPU
	EndGlobalSection
	GlobalSection(ProjectConfigurationPlatforms) = postSolution
		{9A958763-77E8-4A27-97CE-AED1FBE622C3}.Debug|Any CPU.ActiveCfg = Debug|Any CPU
		{9A958763-77E8-4A27-97CE-AED1FBE622C3}.Debug|Any CPU.Build.0 = Debug|Any CPU
		{9A958763-77E8-4A27-97CE-AED1FBE622C3}.Release|Any CPU.ActiveCfg = Release|Any CPU
		{9A958763-77E8-4A27-97CE-AED1FBE622C3}.Release|Any CPU.Build.0 = Release|Any CPU
		{933E8E01-1A2F-491F-BAE2-FF998A3A645E}.Debug|Any CPU.ActiveCfg = Debug|Any CPU
		{933E8E01-1A2F-491F-BAE2-FF998A3A645E}.Debug|Any CPU.Build.0 = Debug|Any CPU
		{933E8E01-1A2F-491F-BAE2-FF998A3A645E}.Release|Any CPU.ActiveCfg = Release|Any CPU
		{933E8E01-1A2F-491F-BAE2-FF998A3A645E}.Release|Any CPU.Build.0 = Release|Any CPU
	EndGlobalSection
	GlobalSection(SolutionProperties) = preSolution
		HideSolutionNode = FALSE
	EndGlobalSection
	GlobalSection(ExtensibilityGlobals) = postSolution
		SolutionGuid = {244BDC68-D4C7-45D4-AD69-C7A2E7E242CB}
	EndGlobalSection
EndGlobal
